
Microsoft Visual Studio Solution File, Format Version 12.00
# Visual Studio Version 17
VisualStudioVersion = 17.8.34511.84
MinimumVisualStudioVersion = 10.0.40219.1
Project("{8BC9CEB8-8B4A-11D0-8D11-00A0C91BC942}") = "ЛР12", "ЛР12.vcxproj", "{036EC856-65C5-4254-B76C-0CDBD256CFDF}"
EndProject
Global
	GlobalSection(SolutionConfigurationPlatforms) = preSolution
		Debug|x64 = Debug|x64
		Debug|x86 = Debug|x86
		Release|x64 = Release|x64
		Release|x86 = Release|x86
	EndGlobalSection
	GlobalSection(ProjectConfigurationPlatforms) = postSolution
		{036EC856-65C5-4254-B76C-0CDBD256CFDF}.Debug|x64.ActiveCfg = Debug|x64
		{036EC856-65C5-4254-B76C-0CDBD256CFDF}.Debug|x64.Build.0 = Debug|x64
		{036EC856-65C5-4254-B76C-0CDBD256CFDF}.Debug|x86.ActiveCfg = Debug|Win32
		{036EC856-65C5-4254-B76C-0CDBD256CFDF}.Debug|x86.Build.0 = Debug|Win32
		{036EC856-65C5-4254-B76C-0CDBD256CFDF}.Release|x64.ActiveCfg = Release|x64
		{036EC856-65C5-4254-B76C-0CDBD256CFDF}.Release|x64.Build.0 = Release|x64
		{036EC856-65C5-4254-B76C-0CDBD256CFDF}.Release|x86.ActiveCfg = Release|Win32
		{036EC856-65C5-4254-B76C-0CDBD256CFDF}.Release|x86.Build.0 = Release|Win32
	EndGlobalSection
	GlobalSection(SolutionProperties) = preSolution
		HideSolutionNode = FALSE
	EndGlobalSection
	GlobalSection(ExtensibilityGlobals) = postSolution
		SolutionGuid = {7C4E6A4D-7025-4527-A49D-7FC85B0B6D7C}
	EndGlobalSection
EndGlobal
