
Microsoft Visual Studio Solution File, Format Version 12.00
# Visual Studio Version 17
VisualStudioVersion = 17.8.34330.188
MinimumVisualStudioVersion = 10.0.40219.1
Project("{8BC9CEB8-8B4A-11D0-8D11-00A0C91BC942}") = "ЛР10", "ЛР10.vcxproj", "{3B33C323-6BC8-4FAA-96DB-CEA84E6AC3FA}"
EndProject
Global
	GlobalSection(SolutionConfigurationPlatforms) = preSolution
		Debug|x64 = Debug|x64
		Debug|x86 = Debug|x86
		Release|x64 = Release|x64
		Release|x86 = Release|x86
	EndGlobalSection
	GlobalSection(ProjectConfigurationPlatforms) = postSolution
		{3B33C323-6BC8-4FAA-96DB-CEA84E6AC3FA}.Debug|x64.ActiveCfg = Debug|x64
		{3B33C323-6BC8-4FAA-96DB-CEA84E6AC3FA}.Debug|x64.Build.0 = Debug|x64
		{3B33C323-6BC8-4FAA-96DB-CEA84E6AC3FA}.Debug|x86.ActiveCfg = Debug|Win32
		{3B33C323-6BC8-4FAA-96DB-CEA84E6AC3FA}.Debug|x86.Build.0 = Debug|Win32
		{3B33C323-6BC8-4FAA-96DB-CEA84E6AC3FA}.Release|x64.ActiveCfg = Release|x64
		{3B33C323-6BC8-4FAA-96DB-CEA84E6AC3FA}.Release|x64.Build.0 = Release|x64
		{3B33C323-6BC8-4FAA-96DB-CEA84E6AC3FA}.Release|x86.ActiveCfg = Release|Win32
		{3B33C323-6BC8-4FAA-96DB-CEA84E6AC3FA}.Release|x86.Build.0 = Release|Win32
	EndGlobalSection
	GlobalSection(SolutionProperties) = preSolution
		HideSolutionNode = FALSE
	EndGlobalSection
	GlobalSection(ExtensibilityGlobals) = postSolution
		SolutionGuid = {1592C361-FAB3-4D64-8060-9B0749DFF8F9}
	EndGlobalSection
EndGlobal
